
Microsoft Visual Studio Solution File, Format Version 12.00
# Visual Studio Version 17
VisualStudioVersion = 17.9.34723.18
MinimumVisualStudioVersion = 10.0.40219.1
Project("{2150E333-8FDC-42A3-9474-1A3956D46DE8}") = "Domain", "Domain", "{536660B6-7FEF-4AB4-887D-4845EF11A5F6}"
EndProject
Project("{9A19103F-16F7-4668-BE54-9A1E7A4F7556}") = "DataLayer", "CatalogService\DataLayer\DataLayer.csproj", "{A3025947-BA85-4A65-A32E-F1E80F5FAE89}"
EndProject
Project("{9A19103F-16F7-4668-BE54-9A1E7A4F7556}") = "Infrastructure", "CatalogService\Infrastructure\Infrastructure.csproj", "{D5E03463-04FF-471D-B6CA-6530D0B30FB5}"
EndProject
Project("{2150E333-8FDC-42A3-9474-1A3956D46DE8}") = "App", "App", "{E0FE410A-931D-4A34-8790-891301490F6E}"
EndProject
Project("{9A19103F-16F7-4668-BE54-9A1E7A4F7556}") = "ServiceHost", "CatalogService\ServiceHost\ServiceHost.csproj", "{5C9DA662-BBE9-4A84-B1E0-4557CAE5C762}"
EndProject
Project("{9A19103F-16F7-4668-BE54-9A1E7A4F7556}") = "Service", "CatalogService\Service\Service.csproj", "{990EE6D4-6162-44FD-8C99-195837BA123A}"
EndProject
Project("{2150E333-8FDC-42A3-9474-1A3956D46DE8}") = "CatalogService", "CatalogService", "{C63090D1-2B0F-44EF-9519-4CABDDF6B216}"
EndProject
Project("{FAE04EC0-301F-11D3-BF4B-00C04F79EFBC}") = "API", "API\API.csproj", "{4AF80E25-967E-4B81-B44F-436F28F3C567}"
EndProject
Global
	GlobalSection(SolutionConfigurationPlatforms) = preSolution
		Debug|Any CPU = Debug|Any CPU
		Release|Any CPU = Release|Any CPU
	EndGlobalSection
	GlobalSection(ProjectConfigurationPlatforms) = postSolution
		{A3025947-BA85-4A65-A32E-F1E80F5FAE89}.Debug|Any CPU.ActiveCfg = Debug|Any CPU
		{A3025947-BA85-4A65-A32E-F1E80F5FAE89}.Debug|Any CPU.Build.0 = Debug|Any CPU
		{A3025947-BA85-4A65-A32E-F1E80F5FAE89}.Release|Any CPU.ActiveCfg = Release|Any CPU
		{A3025947-BA85-4A65-A32E-F1E80F5FAE89}.Release|Any CPU.Build.0 = Release|Any CPU
		{D5E03463-04FF-471D-B6CA-6530D0B30FB5}.Debug|Any CPU.ActiveCfg = Debug|Any CPU
		{D5E03463-04FF-471D-B6CA-6530D0B30FB5}.Debug|Any CPU.Build.0 = Debug|Any CPU
		{D5E03463-04FF-471D-B6CA-6530D0B30FB5}.Release|Any CPU.ActiveCfg = Release|Any CPU
		{D5E03463-04FF-471D-B6CA-6530D0B30FB5}.Release|Any CPU.Build.0 = Release|Any CPU
		{5C9DA662-BBE9-4A84-B1E0-4557CAE5C762}.Debug|Any CPU.ActiveCfg = Debug|Any CPU
		{5C9DA662-BBE9-4A84-B1E0-4557CAE5C762}.Debug|Any CPU.Build.0 = Debug|Any CPU
		{5C9DA662-BBE9-4A84-B1E0-4557CAE5C762}.Release|Any CPU.ActiveCfg = Release|Any CPU
		{5C9DA662-BBE9-4A84-B1E0-4557CAE5C762}.Release|Any CPU.Build.0 = Release|Any CPU
		{990EE6D4-6162-44FD-8C99-195837BA123A}.Debug|Any CPU.ActiveCfg = Debug|Any CPU
		{990EE6D4-6162-44FD-8C99-195837BA123A}.Debug|Any CPU.Build.0 = Debug|Any CPU
		{990EE6D4-6162-44FD-8C99-195837BA123A}.Release|Any CPU.ActiveCfg = Release|Any CPU
		{990EE6D4-6162-44FD-8C99-195837BA123A}.Release|Any CPU.Build.0 = Release|Any CPU
		{4AF80E25-967E-4B81-B44F-436F28F3C567}.Debug|Any CPU.ActiveCfg = Debug|Any CPU
		{4AF80E25-967E-4B81-B44F-436F28F3C567}.Debug|Any CPU.Build.0 = Debug|Any CPU
		{4AF80E25-967E-4B81-B44F-436F28F3C567}.Release|Any CPU.ActiveCfg = Release|Any CPU
		{4AF80E25-967E-4B81-B44F-436F28F3C567}.Release|Any CPU.Build.0 = Release|Any CPU
	EndGlobalSection
	GlobalSection(SolutionProperties) = preSolution
		HideSolutionNode = FALSE
	EndGlobalSection
	GlobalSection(NestedProjects) = preSolution
		{536660B6-7FEF-4AB4-887D-4845EF11A5F6} = {C63090D1-2B0F-44EF-9519-4CABDDF6B216}
		{A3025947-BA85-4A65-A32E-F1E80F5FAE89} = {536660B6-7FEF-4AB4-887D-4845EF11A5F6}
		{D5E03463-04FF-471D-B6CA-6530D0B30FB5} = {536660B6-7FEF-4AB4-887D-4845EF11A5F6}
		{E0FE410A-931D-4A34-8790-891301490F6E} = {C63090D1-2B0F-44EF-9519-4CABDDF6B216}
		{5C9DA662-BBE9-4A84-B1E0-4557CAE5C762} = {E0FE410A-931D-4A34-8790-891301490F6E}
		{990EE6D4-6162-44FD-8C99-195837BA123A} = {536660B6-7FEF-4AB4-887D-4845EF11A5F6}
		{4AF80E25-967E-4B81-B44F-436F28F3C567} = {536660B6-7FEF-4AB4-887D-4845EF11A5F6}
	EndGlobalSection
	GlobalSection(ExtensibilityGlobals) = postSolution
		SolutionGuid = {E2CF6FFF-B9A9-4247-916A-65F1F39A4D86}
	EndGlobalSection
EndGlobal
